
Microsoft Visual Studio Solution File, Format Version 12.00
# Visual Studio Version 17
VisualStudioVersion = 17.11.35303.130
MinimumVisualStudioVersion = 10.0.40219.1
Project("{2150E333-8FDC-42A3-9474-1A3956D46DE8}") = "Task0", "Task0", "{D7BF323F-376F-4DE0-BEFB-A379CAB65A62}"
EndProject
Project("{9A19103F-16F7-4668-BE54-9A1E7A4F7556}") = "Tyuiu.DmiterkoKD.Sprint4.Task0.V15", "Tyuiu.DmiterkoKD.Sprint4.Task0.V15\Tyuiu.DmiterkoKD.Sprint4.Task0.V15.csproj", "{95D9BB40-C34A-4BBA-B10B-10EE3DA22552}"
EndProject
Project("{9A19103F-16F7-4668-BE54-9A1E7A4F7556}") = "Tyuiu.DmiterkoKD.Sprint4.Task0.V15.Lib", "Tyuiu.DmiterkoKD.Sprint4.Task0.V15.Lib\Tyuiu.DmiterkoKD.Sprint4.Task0.V15.Lib.csproj", "{3497178D-7BA5-40C1-A91C-0E178DA8652F}"
EndProject
Project("{9A19103F-16F7-4668-BE54-9A1E7A4F7556}") = "Tyuiu.DmiterkoKD.Sprint4.Task0.V15.Test", "Tyuiu.DmiterkoKD.Sprint4.Task0.V15.Test\Tyuiu.DmiterkoKD.Sprint4.Task0.V15.Test.csproj", "{B0F4408A-EFAC-4205-8F3E-72BE599E7BFB}"
EndProject
Project("{2150E333-8FDC-42A3-9474-1A3956D46DE8}") = "Task1", "Task1", "{8F0FB7E3-9CAD-491E-95CD-30AB07E49766}"
EndProject
Project("{9A19103F-16F7-4668-BE54-9A1E7A4F7556}") = "Tyuiu.DmiterkoKD.Sprint4.Task1.V29", "Tyuiu.DmiterkoKD.Sprint4.Task1.V29\Tyuiu.DmiterkoKD.Sprint4.Task1.V29.csproj", "{4C43FF82-491F-4D65-A183-A68D8B2FCFD6}"
EndProject
Project("{9A19103F-16F7-4668-BE54-9A1E7A4F7556}") = "Tyuiu.DmiterkoKD.Sprint4.Task1.V29.Lib", "Tyuiu.DmiterkoKD.Sprint4.Task1.V29.Lib\Tyuiu.DmiterkoKD.Sprint4.Task1.V29.Lib.csproj", "{C1611B45-6B5C-4917-B2FA-11F86C1D9BDC}"
EndProject
Project("{9A19103F-16F7-4668-BE54-9A1E7A4F7556}") = "Tyuiu.DmiterkoKD.Sprint4.Task1.V29.Test", "Tyuiu.DmiterkoKD.Sprint4.Task1.V29.Test\Tyuiu.DmiterkoKD.Sprint4.Task1.V29.Test.csproj", "{55604FC1-F151-412A-95E1-AE067AB72D01}"
EndProject
Project("{2150E333-8FDC-42A3-9474-1A3956D46DE8}") = "Task2", "Task2", "{0A320D4B-44C4-4802-9AA7-FAB3695185B4}"
EndProject
Project("{9A19103F-16F7-4668-BE54-9A1E7A4F7556}") = "Tyuiu.DmiterkoKD.Sprint4.Task2.V29", "Tyuiu.DmiterkoKD.Sprint4.Task2.V29\Tyuiu.DmiterkoKD.Sprint4.Task2.V29.csproj", "{7701B235-F7D2-44DD-A35E-2474AB9AD813}"
EndProject
Project("{9A19103F-16F7-4668-BE54-9A1E7A4F7556}") = "Tyuiu.DmiterkoKD.Sprint4.Task2.V29.Lib", "Tyuiu.DmiterkoKD.Sprint4.Task2.V29.Lib\Tyuiu.DmiterkoKD.Sprint4.Task2.V29.Lib.csproj", "{88690273-C94A-4F0C-B7A9-06104B480A3A}"
EndProject
Project("{9A19103F-16F7-4668-BE54-9A1E7A4F7556}") = "Tyuiu.DmiterkoKD.Sprint4.Task2.V29.Test", "Tyuiu.DmiterkoKD.Sprint4.Task2.V29.Test\Tyuiu.DmiterkoKD.Sprint4.Task2.V29.Test.csproj", "{41FDB2A6-1A77-4DDE-A5F2-11256689BA5A}"
EndProject
Project("{2150E333-8FDC-42A3-9474-1A3956D46DE8}") = "Task3", "Task3", "{E19EB752-EA91-4847-BE58-880A7FAA9E89}"
EndProject
Project("{9A19103F-16F7-4668-BE54-9A1E7A4F7556}") = "Tyuiu.DmiterkoKD.Sprint4.Task3.V7", "Tyuiu.DmiterkoKD.Sprint4.Task3.V7\Tyuiu.DmiterkoKD.Sprint4.Task3.V7.csproj", "{0D363184-75DD-41B1-8BD5-53F8CBF1C6E7}"
EndProject
Project("{9A19103F-16F7-4668-BE54-9A1E7A4F7556}") = "Tyuiu.DmiterkoKD.Sprint4.Task3.V7.Lib", "Tyuiu.DmiterkoKD.Sprint4.Task3.V7.Lib\Tyuiu.DmiterkoKD.Sprint4.Task3.V7.Lib.csproj", "{A40BCFE5-4300-41A0-BE6A-80CBF1DAF66F}"
EndProject
Project("{9A19103F-16F7-4668-BE54-9A1E7A4F7556}") = "Tyuiu.DmiterkoKD.Sprint4.Task3.V7.Test", "Tyuiu.DmiterkoKD.Sprint4.Task3.V7.Test\Tyuiu.DmiterkoKD.Sprint4.Task3.V7.Test.csproj", "{D41B3B87-C2CA-4903-8CF9-4E1283003058}"
EndProject
Project("{2150E333-8FDC-42A3-9474-1A3956D46DE8}") = "Task4", "Task4", "{66BE38B7-CA4C-47D9-A9A4-FFE4406BFCAE}"
EndProject
Project("{FAE04EC0-301F-11D3-BF4B-00C04F79EFBC}") = "Tyuiu.DmiterkoKD.Sprint4.Task4.V19", "Tyuiu.DmiterkoKD.Sprint4.Task4.V19\Tyuiu.DmiterkoKD.Sprint4.Task4.V19.csproj", "{545678BA-68F8-4670-A1D0-AEF3F0BA6A32}"
EndProject
Project("{FAE04EC0-301F-11D3-BF4B-00C04F79EFBC}") = "Tyuiu.DmiterkoKD.Sprint4.Task4.V19.Lib", "Tyuiu.DmiterkoKD.Sprint4.Task4.V19.Lib\Tyuiu.DmiterkoKD.Sprint4.Task4.V19.Lib.csproj", "{8D5F950E-CEA4-4AE0-81E0-8C6C7817DCD7}"
EndProject
Project("{FAE04EC0-301F-11D3-BF4B-00C04F79EFBC}") = "Tyuiu.DmiterkoKD.Sprint4.Task4.V19.Test", "Tyuiu.DmiterkoKD.Sprint4.Task4.V19.Test\Tyuiu.DmiterkoKD.Sprint4.Task4.V19.Test.csproj", "{E7CB236A-8738-460D-BD05-3B0BBFC7AF65}"
EndProject
Project("{2150E333-8FDC-42A3-9474-1A3956D46DE8}") = "Task5", "Task5", "{1D3937E3-3D7E-4455-ABDA-F1EEDD186EF2}"
EndProject
Project("{FAE04EC0-301F-11D3-BF4B-00C04F79EFBC}") = "Tyuiu.DmiterkoKD.Sprint4.Task5.V27", "Tyuiu.DmiterkoKD.Sprint4.Task5.V27\Tyuiu.DmiterkoKD.Sprint4.Task5.V27.csproj", "{FFD4CF4B-89C7-487E-82FA-2D79E8257F96}"
EndProject
Project("{FAE04EC0-301F-11D3-BF4B-00C04F79EFBC}") = "Tyuiu.DmiterkoKD.Sprint4.Task5.V27.Lib", "Tyuiu.DmiterkoKD.Sprint4.Task5.V27.Lib\Tyuiu.DmiterkoKD.Sprint4.Task5.V27.Lib.csproj", "{13B7A3CC-2DC9-4927-97AE-334E0ED8A9CC}"
EndProject
Project("{FAE04EC0-301F-11D3-BF4B-00C04F79EFBC}") = "Tyuiu.DmiterkoKD.Sprint4.Task5.V27.Test", "Tyuiu.DmiterkoKD.Sprint4.Task5.V27.Test\Tyuiu.DmiterkoKD.Sprint4.Task5.V27.Test.csproj", "{C4142A03-5028-4FA5-BC5B-7B9C67E8C225}"
EndProject
Global
	GlobalSection(SolutionConfigurationPlatforms) = preSolution
		Debug|Any CPU = Debug|Any CPU
		Release|Any CPU = Release|Any CPU
	EndGlobalSection
	GlobalSection(ProjectConfigurationPlatforms) = postSolution
		{95D9BB40-C34A-4BBA-B10B-10EE3DA22552}.Debug|Any CPU.ActiveCfg = Debug|Any CPU
		{95D9BB40-C34A-4BBA-B10B-10EE3DA22552}.Debug|Any CPU.Build.0 = Debug|Any CPU
		{95D9BB40-C34A-4BBA-B10B-10EE3DA22552}.Release|Any CPU.ActiveCfg = Release|Any CPU
		{95D9BB40-C34A-4BBA-B10B-10EE3DA22552}.Release|Any CPU.Build.0 = Release|Any CPU
		{3497178D-7BA5-40C1-A91C-0E178DA8652F}.Debug|Any CPU.ActiveCfg = Debug|Any CPU
		{3497178D-7BA5-40C1-A91C-0E178DA8652F}.Debug|Any CPU.Build.0 = Debug|Any CPU
		{3497178D-7BA5-40C1-A91C-0E178DA8652F}.Release|Any CPU.ActiveCfg = Release|Any CPU
		{3497178D-7BA5-40C1-A91C-0E178DA8652F}.Release|Any CPU.Build.0 = Release|Any CPU
		{B0F4408A-EFAC-4205-8F3E-72BE599E7BFB}.Debug|Any CPU.ActiveCfg = Debug|Any CPU
		{B0F4408A-EFAC-4205-8F3E-72BE599E7BFB}.Debug|Any CPU.Build.0 = Debug|Any CPU
		{B0F4408A-EFAC-4205-8F3E-72BE599E7BFB}.Release|Any CPU.ActiveCfg = Release|Any CPU
		{B0F4408A-EFAC-4205-8F3E-72BE599E7BFB}.Release|Any CPU.Build.0 = Release|Any CPU
		{4C43FF82-491F-4D65-A183-A68D8B2FCFD6}.Debug|Any CPU.ActiveCfg = Debug|Any CPU
		{4C43FF82-491F-4D65-A183-A68D8B2FCFD6}.Debug|Any CPU.Build.0 = Debug|Any CPU
		{4C43FF82-491F-4D65-A183-A68D8B2FCFD6}.Release|Any CPU.ActiveCfg = Release|Any CPU
		{4C43FF82-491F-4D65-A183-A68D8B2FCFD6}.Release|Any CPU.Build.0 = Release|Any CPU
		{C1611B45-6B5C-4917-B2FA-11F86C1D9BDC}.Debug|Any CPU.ActiveCfg = Debug|Any CPU
		{C1611B45-6B5C-4917-B2FA-11F86C1D9BDC}.Debug|Any CPU.Build.0 = Debug|Any CPU
		{C1611B45-6B5C-4917-B2FA-11F86C1D9BDC}.Release|Any CPU.ActiveCfg = Release|Any CPU
		{C1611B45-6B5C-4917-B2FA-11F86C1D9BDC}.Release|Any CPU.Build.0 = Release|Any CPU
		{55604FC1-F151-412A-95E1-AE067AB72D01}.Debug|Any CPU.ActiveCfg = Debug|Any CPU
		{55604FC1-F151-412A-95E1-AE067AB72D01}.Debug|Any CPU.Build.0 = Debug|Any CPU
		{55604FC1-F151-412A-95E1-AE067AB72D01}.Release|Any CPU.ActiveCfg = Release|Any CPU
		{55604FC1-F151-412A-95E1-AE067AB72D01}.Release|Any CPU.Build.0 = Release|Any CPU
		{7701B235-F7D2-44DD-A35E-2474AB9AD813}.Debug|Any CPU.ActiveCfg = Debug|Any CPU
		{7701B235-F7D2-44DD-A35E-2474AB9AD813}.Debug|Any CPU.Build.0 = Debug|Any CPU
		{7701B235-F7D2-44DD-A35E-2474AB9AD813}.Release|Any CPU.ActiveCfg = Release|Any CPU
		{7701B235-F7D2-44DD-A35E-2474AB9AD813}.Release|Any CPU.Build.0 = Release|Any CPU
		{88690273-C94A-4F0C-B7A9-06104B480A3A}.Debug|Any CPU.ActiveCfg = Debug|Any CPU
		{88690273-C94A-4F0C-B7A9-06104B480A3A}.Debug|Any CPU.Build.0 = Debug|Any CPU
		{88690273-C94A-4F0C-B7A9-06104B480A3A}.Release|Any CPU.ActiveCfg = Release|Any CPU
		{88690273-C94A-4F0C-B7A9-06104B480A3A}.Release|Any CPU.Build.0 = Release|Any CPU
		{41FDB2A6-1A77-4DDE-A5F2-11256689BA5A}.Debug|Any CPU.ActiveCfg = Debug|Any CPU
		{41FDB2A6-1A77-4DDE-A5F2-11256689BA5A}.Debug|Any CPU.Build.0 = Debug|Any CPU
		{41FDB2A6-1A77-4DDE-A5F2-11256689BA5A}.Release|Any CPU.ActiveCfg = Release|Any CPU
		{41FDB2A6-1A77-4DDE-A5F2-11256689BA5A}.Release|Any CPU.Build.0 = Release|Any CPU
		{0D363184-75DD-41B1-8BD5-53F8CBF1C6E7}.Debug|Any CPU.ActiveCfg = Debug|Any CPU
		{0D363184-75DD-41B1-8BD5-53F8CBF1C6E7}.Debug|Any CPU.Build.0 = Debug|Any CPU
		{0D363184-75DD-41B1-8BD5-53F8CBF1C6E7}.Release|Any CPU.ActiveCfg = Release|Any CPU
		{0D363184-75DD-41B1-8BD5-53F8CBF1C6E7}.Release|Any CPU.Build.0 = Release|Any CPU
		{A40BCFE5-4300-41A0-BE6A-80CBF1DAF66F}.Debug|Any CPU.ActiveCfg = Debug|Any CPU
		{A40BCFE5-4300-41A0-BE6A-80CBF1DAF66F}.Debug|Any CPU.Build.0 = Debug|Any CPU
		{A40BCFE5-4300-41A0-BE6A-80CBF1DAF66F}.Release|Any CPU.ActiveCfg = Release|Any CPU
		{A40BCFE5-4300-41A0-BE6A-80CBF1DAF66F}.Release|Any CPU.Build.0 = Release|Any CPU
		{D41B3B87-C2CA-4903-8CF9-4E1283003058}.Debug|Any CPU.ActiveCfg = Debug|Any CPU
		{D41B3B87-C2CA-4903-8CF9-4E1283003058}.Debug|Any CPU.Build.0 = Debug|Any CPU
		{D41B3B87-C2CA-4903-8CF9-4E1283003058}.Release|Any CPU.ActiveCfg = Release|Any CPU
		{D41B3B87-C2CA-4903-8CF9-4E1283003058}.Release|Any CPU.Build.0 = Release|Any CPU
		{545678BA-68F8-4670-A1D0-AEF3F0BA6A32}.Debug|Any CPU.ActiveCfg = Debug|Any CPU
		{545678BA-68F8-4670-A1D0-AEF3F0BA6A32}.Debug|Any CPU.Build.0 = Debug|Any CPU
		{545678BA-68F8-4670-A1D0-AEF3F0BA6A32}.Release|Any CPU.ActiveCfg = Release|Any CPU
		{545678BA-68F8-4670-A1D0-AEF3F0BA6A32}.Release|Any CPU.Build.0 = Release|Any CPU
		{8D5F950E-CEA4-4AE0-81E0-8C6C7817DCD7}.Debug|Any CPU.ActiveCfg = Debug|Any CPU
		{8D5F950E-CEA4-4AE0-81E0-8C6C7817DCD7}.Debug|Any CPU.Build.0 = Debug|Any CPU
		{8D5F950E-CEA4-4AE0-81E0-8C6C7817DCD7}.Release|Any CPU.ActiveCfg = Release|Any CPU
		{8D5F950E-CEA4-4AE0-81E0-8C6C7817DCD7}.Release|Any CPU.Build.0 = Release|Any CPU
		{E7CB236A-8738-460D-BD05-3B0BBFC7AF65}.Debug|Any CPU.ActiveCfg = Debug|Any CPU
		{E7CB236A-8738-460D-BD05-3B0BBFC7AF65}.Debug|Any CPU.Build.0 = Debug|Any CPU
		{E7CB236A-8738-460D-BD05-3B0BBFC7AF65}.Release|Any CPU.ActiveCfg = Release|Any CPU
		{E7CB236A-8738-460D-BD05-3B0BBFC7AF65}.Release|Any CPU.Build.0 = Release|Any CPU
		{FFD4CF4B-89C7-487E-82FA-2D79E8257F96}.Debug|Any CPU.ActiveCfg = Debug|Any CPU
		{FFD4CF4B-89C7-487E-82FA-2D79E8257F96}.Debug|Any CPU.Build.0 = Debug|Any CPU
		{FFD4CF4B-89C7-487E-82FA-2D79E8257F96}.Release|Any CPU.ActiveCfg = Release|Any CPU
		{FFD4CF4B-89C7-487E-82FA-2D79E8257F96}.Release|Any CPU.Build.0 = Release|Any CPU
		{13B7A3CC-2DC9-4927-97AE-334E0ED8A9CC}.Debug|Any CPU.ActiveCfg = Debug|Any CPU
		{13B7A3CC-2DC9-4927-97AE-334E0ED8A9CC}.Debug|Any CPU.Build.0 = Debug|Any CPU
		{13B7A3CC-2DC9-4927-97AE-334E0ED8A9CC}.Release|Any CPU.ActiveCfg = Release|Any CPU
		{13B7A3CC-2DC9-4927-97AE-334E0ED8A9CC}.Release|Any CPU.Build.0 = Release|Any CPU
		{C4142A03-5028-4FA5-BC5B-7B9C67E8C225}.Debug|Any CPU.ActiveCfg = Debug|Any CPU
		{C4142A03-5028-4FA5-BC5B-7B9C67E8C225}.Debug|Any CPU.Build.0 = Debug|Any CPU
		{C4142A03-5028-4FA5-BC5B-7B9C67E8C225}.Release|Any CPU.ActiveCfg = Release|Any CPU
		{C4142A03-5028-4FA5-BC5B-7B9C67E8C225}.Release|Any CPU.Build.0 = Release|Any CPU
	EndGlobalSection
	GlobalSection(SolutionProperties) = preSolution
		HideSolutionNode = FALSE
	EndGlobalSection
	GlobalSection(NestedProjects) = preSolution
		{95D9BB40-C34A-4BBA-B10B-10EE3DA22552} = {D7BF323F-376F-4DE0-BEFB-A379CAB65A62}
		{3497178D-7BA5-40C1-A91C-0E178DA8652F} = {D7BF323F-376F-4DE0-BEFB-A379CAB65A62}
		{B0F4408A-EFAC-4205-8F3E-72BE599E7BFB} = {D7BF323F-376F-4DE0-BEFB-A379CAB65A62}
		{4C43FF82-491F-4D65-A183-A68D8B2FCFD6} = {8F0FB7E3-9CAD-491E-95CD-30AB07E49766}
		{C1611B45-6B5C-4917-B2FA-11F86C1D9BDC} = {8F0FB7E3-9CAD-491E-95CD-30AB07E49766}
		{55604FC1-F151-412A-95E1-AE067AB72D01} = {8F0FB7E3-9CAD-491E-95CD-30AB07E49766}
		{7701B235-F7D2-44DD-A35E-2474AB9AD813} = {0A320D4B-44C4-4802-9AA7-FAB3695185B4}
		{88690273-C94A-4F0C-B7A9-06104B480A3A} = {0A320D4B-44C4-4802-9AA7-FAB3695185B4}
		{41FDB2A6-1A77-4DDE-A5F2-11256689BA5A} = {0A320D4B-44C4-4802-9AA7-FAB3695185B4}
		{0D363184-75DD-41B1-8BD5-53F8CBF1C6E7} = {E19EB752-EA91-4847-BE58-880A7FAA9E89}
		{A40BCFE5-4300-41A0-BE6A-80CBF1DAF66F} = {E19EB752-EA91-4847-BE58-880A7FAA9E89}
		{D41B3B87-C2CA-4903-8CF9-4E1283003058} = {E19EB752-EA91-4847-BE58-880A7FAA9E89}
		{545678BA-68F8-4670-A1D0-AEF3F0BA6A32} = {66BE38B7-CA4C-47D9-A9A4-FFE4406BFCAE}
		{8D5F950E-CEA4-4AE0-81E0-8C6C7817DCD7} = {66BE38B7-CA4C-47D9-A9A4-FFE4406BFCAE}
		{E7CB236A-8738-460D-BD05-3B0BBFC7AF65} = {66BE38B7-CA4C-47D9-A9A4-FFE4406BFCAE}
		{FFD4CF4B-89C7-487E-82FA-2D79E8257F96} = {1D3937E3-3D7E-4455-ABDA-F1EEDD186EF2}
		{13B7A3CC-2DC9-4927-97AE-334E0ED8A9CC} = {1D3937E3-3D7E-4455-ABDA-F1EEDD186EF2}
		{C4142A03-5028-4FA5-BC5B-7B9C67E8C225} = {1D3937E3-3D7E-4455-ABDA-F1EEDD186EF2}
	EndGlobalSection
	GlobalSection(ExtensibilityGlobals) = postSolution
		SolutionGuid = {0E99741F-9757-47F6-B916-348EB9F91F1B}
	EndGlobalSection
EndGlobal
